
Microsoft Visual Studio Solution File, Format Version 9.00
# Visual Studio 2005
Project("{8BC9CEB8-8B4A-11D0-8D11-00A0C91BC942}") = "UniversalThemePatcher_Sample", "UniversalThemePatcher_Sample.vcproj", "{FF715B5C-CF3B-4AA5-92BB-B74B1F224926}"
EndProject
Global
	GlobalSection(SubversionScc) = preSolution
		Svn-Managed = True
		Manager = AnkhSVN - Subversion Support for Visual Studio
	EndGlobalSection
	GlobalSection(SolutionConfigurationPlatforms) = preSolution
		Debug|Win32 = Debug|Win32
		Debug|x64 = Debug|x64
		Release|Win32 = Release|Win32
		Release|x64 = Release|x64
	EndGlobalSection
	GlobalSection(ProjectConfigurationPlatforms) = postSolution
		{FF715B5C-CF3B-4AA5-92BB-B74B1F224926}.Debug|Win32.ActiveCfg = Debug|Win32
		{FF715B5C-CF3B-4AA5-92BB-B74B1F224926}.Debug|Win32.Build.0 = Debug|Win32
		{FF715B5C-CF3B-4AA5-92BB-B74B1F224926}.Debug|x64.ActiveCfg = Debug|x64
		{FF715B5C-CF3B-4AA5-92BB-B74B1F224926}.Debug|x64.Build.0 = Debug|x64
		{FF715B5C-CF3B-4AA5-92BB-B74B1F224926}.Release|Win32.ActiveCfg = Release|Win32
		{FF715B5C-CF3B-4AA5-92BB-B74B1F224926}.Release|Win32.Build.0 = Release|Win32
		{FF715B5C-CF3B-4AA5-92BB-B74B1F224926}.Release|x64.ActiveCfg = Release|x64
		{FF715B5C-CF3B-4AA5-92BB-B74B1F224926}.Release|x64.Build.0 = Release|x64
	EndGlobalSection
	GlobalSection(SolutionProperties) = preSolution
		HideSolutionNode = FALSE
	EndGlobalSection
EndGlobal
